
Microsoft Visual Studio Solution File, Format Version 12.00
# Visual Studio Version 18
<<<<<<< HEAD
VisualStudioVersion = 18.7.11822.327 insiders
=======
VisualStudioVersion = 18.5.11723.231 stable
>>>>>>> 1060cc99a5b53a50f87ef7a80788e8b9d8b7ee81
MinimumVisualStudioVersion = 10.0.40219.1
Project("{9A19103F-16F7-4668-BE54-9A1E7A4F7556}") = "AppFloraClick", "AppFloraClick.csproj", "{C5B2EDC2-008C-4AB2-87FC-89B0FB4717E1}"
EndProject
Global
	GlobalSection(SolutionConfigurationPlatforms) = preSolution
		Debug|Any CPU = Debug|Any CPU
		Release|Any CPU = Release|Any CPU
	EndGlobalSection
	GlobalSection(ProjectConfigurationPlatforms) = postSolution
		{C5B2EDC2-008C-4AB2-87FC-89B0FB4717E1}.Debug|Any CPU.ActiveCfg = Debug|Any CPU
		{C5B2EDC2-008C-4AB2-87FC-89B0FB4717E1}.Debug|Any CPU.Build.0 = Debug|Any CPU
		{C5B2EDC2-008C-4AB2-87FC-89B0FB4717E1}.Release|Any CPU.ActiveCfg = Release|Any CPU
		{C5B2EDC2-008C-4AB2-87FC-89B0FB4717E1}.Release|Any CPU.Build.0 = Release|Any CPU
	EndGlobalSection
	GlobalSection(SolutionProperties) = preSolution
		HideSolutionNode = FALSE
	EndGlobalSection
	GlobalSection(ExtensibilityGlobals) = postSolution
		SolutionGuid = {5DD56071-BE1F-4B87-8508-48AF1CCADFDC}
	EndGlobalSection
EndGlobal
